
Microsoft Visual Studio Solution File, Format Version 12.00
# Visual Studio Version 17
VisualStudioVersion = 17.2.32516.85
MinimumVisualStudioVersion = 10.0.40219.1
Project("{9A19103F-16F7-4668-BE54-9A1E7A4F7556}") = "NeuralApi", "NeuralApi\NeuralApi.csproj", "{B40C004C-0980-4416-BF6A-3C296B27F44B}"
EndProject
Project("{9A19103F-16F7-4668-BE54-9A1E7A4F7556}") = "NeuralWorker", "NeuralWorker\NeuralWorker.csproj", "{1F3E664A-0E1B-4E50-A06F-D92A8A47AB5B}"
EndProject
Project("{2150E333-8FDC-42A3-9474-1A3956D46DE8}") = "Элементы решения", "Элементы решения", "{D56369A7-301D-430D-8BFC-468A3D8DFE48}"
	ProjectSection(SolutionItems) = preProject
		Class1.cs = Class1.cs
		docker-compose.yml = docker-compose.yml
	EndProjectSection
EndProject
Global
	GlobalSection(SolutionConfigurationPlatforms) = preSolution
		Debug|Any CPU = Debug|Any CPU
		Release|Any CPU = Release|Any CPU
	EndGlobalSection
	GlobalSection(ProjectConfigurationPlatforms) = postSolution
		{B40C004C-0980-4416-BF6A-3C296B27F44B}.Debug|Any CPU.ActiveCfg = Debug|Any CPU
		{B40C004C-0980-4416-BF6A-3C296B27F44B}.Debug|Any CPU.Build.0 = Debug|Any CPU
		{B40C004C-0980-4416-BF6A-3C296B27F44B}.Release|Any CPU.ActiveCfg = Release|Any CPU
		{B40C004C-0980-4416-BF6A-3C296B27F44B}.Release|Any CPU.Build.0 = Release|Any CPU
		{1F3E664A-0E1B-4E50-A06F-D92A8A47AB5B}.Debug|Any CPU.ActiveCfg = Debug|Any CPU
		{1F3E664A-0E1B-4E50-A06F-D92A8A47AB5B}.Debug|Any CPU.Build.0 = Debug|Any CPU
		{1F3E664A-0E1B-4E50-A06F-D92A8A47AB5B}.Release|Any CPU.ActiveCfg = Release|Any CPU
		{1F3E664A-0E1B-4E50-A06F-D92A8A47AB5B}.Release|Any CPU.Build.0 = Release|Any CPU
	EndGlobalSection
	GlobalSection(SolutionProperties) = preSolution
		HideSolutionNode = FALSE
	EndGlobalSection
	GlobalSection(ExtensibilityGlobals) = postSolution
		SolutionGuid = {1D09D590-2A12-428E-B07C-26FCF0171DE6}
	EndGlobalSection
EndGlobal
